{
  "name": "bottest",
  "version": "1.0.0",
  "lockfileVersion": 1,
  "requires": true,
  "dependencies": {
    "@types/bunyan": {
      "version": "1.8.3",
      "resolved": "https://dialearn.pkgs.visualstudio.com/_packaging/BLIS-SDK/npm/registry/@types/bunyan/-/bunyan-1.8.3.tgz",
      "integrity": "sha512-cOYM6RHelXiQOMHQdeMr1BjluxhLq5fVxFscyULF7q+y5GKMSIzPWjPCeEKeISgrZHlnqKfZSYVceGSsrblNWg==",
      "dev": true,
      "requires": {
        "@types/node": "8.0.28"
      }
    },
    "@types/node": {
      "version": "8.0.28",
      "resolved": "https://dialearn.pkgs.visualstudio.com/_packaging/BLIS-SDK/npm/registry/@types/node/-/node-8.0.28.tgz",
      "integrity": "sha512-HupkFXEv3O3KSzcr3Ylfajg0kaerBg1DyaZzRBBQfrU3NN1mTBRE7sCveqHwXLS5Yrjvww8qFzkzYQQakG9FuQ==",
      "dev": true
    },
    "@types/restify": {
      "version": "4.3.5",
      "resolved": "https://dialearn.pkgs.visualstudio.com/_packaging/BLIS-SDK/npm/registry/@types/restify/-/restify-4.3.5.tgz",
      "integrity": "sha512-3Q3h98E7tDouGoJVkMionJcWoTQzjHgu8np5UR/QBetR3GPmiP3a1jWqfra/5xqSst6Wf8CeAc2VILKbpA8jJw==",
      "dev": true,
      "requires": {
        "@types/bunyan": "1.8.3",
        "@types/node": "8.0.28"
      }
    },
    "ajv": {
      "version": "https://registry.npmjs.org/ajv/-/ajv-4.11.8.tgz",
      "integrity": "sha1-gv+wKynmYq5TvcIK8VlHcGc5xTY=",
      "requires": {
        "co": "https://registry.npmjs.org/co/-/co-4.6.0.tgz",
        "json-stable-stringify": "https://registry.npmjs.org/json-stable-stringify/-/json-stable-stringify-1.0.1.tgz"
      }
    },
    "argparse": {
      "version": "1.0.9",
      "resolved": "https://dialearn.pkgs.visualstudio.com/_packaging/BLIS-SDK/npm/registry/argparse/-/argparse-1.0.9.tgz",
      "integrity": "sha1-c9g7wmP4bpf4zE9rrhsOkKfSLIY=",
      "requires": {
        "sprintf-js": "1.0.3"
      },
      "dependencies": {
        "sprintf-js": {
          "version": "1.0.3",
          "resolved": "https://dialearn.pkgs.visualstudio.com/_packaging/BLIS-SDK/npm/registry/sprintf-js/-/sprintf-js-1.0.3.tgz",
          "integrity": "sha1-BOaSb2YolTVPPdAVIDYzuFcpfiw="
        }
      }
    },
    "asap": {
      "version": "2.0.6",
      "resolved": "https://dialearn.pkgs.visualstudio.com/_packaging/BLIS-SDK/npm/registry/asap/-/asap-2.0.6.tgz",
      "integrity": "sha1-5QNHYR1+aQlDIIu9r+vLwvuGbUY="
    },
    "asn1": {
      "version": "https://registry.npmjs.org/asn1/-/asn1-0.2.3.tgz",
      "integrity": "sha1-2sh4dxPJlmhJ/IGAd36+nB3fO4Y="
    },
    "assert-plus": {
      "version": "https://registry.npmjs.org/assert-plus/-/assert-plus-0.2.0.tgz",
      "integrity": "sha1-104bh+ev/A24qttwIfP+SBAasjQ="
    },
    "async": {
      "version": "https://registry.npmjs.org/async/-/async-1.5.2.tgz",
      "integrity": "sha1-7GphrlZIDAw8skHJVhjiCJL5Zyo="
    },
    "asynckit": {
      "version": "https://registry.npmjs.org/asynckit/-/asynckit-0.4.0.tgz",
      "integrity": "sha1-x57Zf380y48robyXkLzDZkdLS3k="
    },
    "aws-sign2": {
      "version": "https://registry.npmjs.org/aws-sign2/-/aws-sign2-0.6.0.tgz",
      "integrity": "sha1-FDQt0428yU0OW4fXY81jYSwOeU8="
    },
    "aws4": {
      "version": "https://registry.npmjs.org/aws4/-/aws4-1.6.0.tgz",
      "integrity": "sha1-g+9cqGCysy5KDe7e6MdxudtXRx4="
    },
    "backoff": {
      "version": "https://registry.npmjs.org/backoff/-/backoff-2.5.0.tgz",
      "integrity": "sha1-9hbtqdPktmuMp/ynn2lXIsX44m8=",
      "requires": {
        "precond": "https://registry.npmjs.org/precond/-/precond-0.2.3.tgz"
      }
    },
    "balanced-match": {
      "version": "https://registry.npmjs.org/balanced-match/-/balanced-match-1.0.0.tgz",
      "integrity": "sha1-ibTRmasr7kneFk6gK4nORi1xt2c=",
      "optional": true
    },
    "base64url": {
      "version": "2.0.0",
      "resolved": "https://dialearn.pkgs.visualstudio.com/_packaging/BLIS-SDK/npm/registry/base64url/-/base64url-2.0.0.tgz",
      "integrity": "sha1-6sFuA+oUOO/5Qj1puqNiYu0fcLs="
    },
    "bcrypt-pbkdf": {
      "version": "https://registry.npmjs.org/bcrypt-pbkdf/-/bcrypt-pbkdf-1.0.1.tgz",
      "integrity": "sha1-Y7xdy2EzG5K8Bf1SiVPDNGKgb40=",
      "optional": true,
      "requires": {
        "tweetnacl": "https://registry.npmjs.org/tweetnacl/-/tweetnacl-0.14.5.tgz"
      }
    },
    "blis-models": {
      "version": "0.54.0",
      "resolved": "https://dialearn.pkgs.visualstudio.com/_packaging/BLIS-SDK/npm/registry/blis-models/-/blis-models-0.54.0.tgz",
      "integrity": "sha1-FiBOxaQFzT99kslBSphmTcL05s4="
    },
    "blisdk": {
      "version": "0.54.5",
      "resolved": "https://dialearn.pkgs.visualstudio.com/_packaging/BLIS-SDK/npm/registry/blisdk/-/blisdk-0.54.5.tgz",
      "integrity": "sha1-c9/VhRSaYPKISRBQyPwXFF/ydBY=",
      "requires": {
        "blis-models": "0.54.0",
        "botbuilder": "3.9.0",
        "node-cache": "4.1.1",
        "redis": "2.8.0",
        "request": "https://registry.npmjs.org/request/-/request-2.81.0.tgz",
        "restify": "https://registry.npmjs.org/restify/-/restify-4.3.1.tgz",
        "swagger-client": "2.2.21",
        "tslib": "1.7.1",
        "xmldom": "0.1.27"
      }
    },
    "boom": {
      "version": "https://registry.npmjs.org/boom/-/boom-2.10.1.tgz",
      "integrity": "sha1-OciRjO/1eZ+D+UkqhI9iWt0Mdm8=",
      "requires": {
        "hoek": "https://registry.npmjs.org/hoek/-/hoek-2.16.3.tgz"
      }
    },
    "botbuilder": {
      "version": "3.9.0",
      "resolved": "https://dialearn.pkgs.visualstudio.com/_packaging/BLIS-SDK/npm/registry/botbuilder/-/botbuilder-3.9.0.tgz",
      "integrity": "sha1-NjymuWXWA6hzFvsV5SsfyKOfQMs=",
      "requires": {
        "async": "https://registry.npmjs.org/async/-/async-1.5.2.tgz",
        "base64url": "2.0.0",
        "chrono-node": "1.3.4",
        "jsonwebtoken": "7.4.1",
        "promise": "https://registry.npmjs.org/promise/-/promise-7.3.1.tgz",
        "request": "https://registry.npmjs.org/request/-/request-2.81.0.tgz",
        "rsa-pem-from-mod-exp": "0.8.4",
        "sprintf-js": "1.1.1",
        "url-join": "1.1.0"
      }
    },
    "brace-expansion": {
      "version": "https://registry.npmjs.org/brace-expansion/-/brace-expansion-1.1.8.tgz",
      "integrity": "sha1-wHshHHyVLsH479Uad+8NHTmQopI=",
      "optional": true,
      "requires": {
        "balanced-match": "https://registry.npmjs.org/balanced-match/-/balanced-match-1.0.0.tgz",
        "concat-map": "https://registry.npmjs.org/concat-map/-/concat-map-0.0.1.tgz"
      }
    },
    "btoa": {
      "version": "1.1.2",
      "resolved": "https://dialearn.pkgs.visualstudio.com/_packaging/BLIS-SDK/npm/registry/btoa/-/btoa-1.1.2.tgz",
      "integrity": "sha1-PkC4FmP4HS3WWWpMtxSo3BbPq+A="
    },
    "buffer-equal-constant-time": {
      "version": "1.0.1",
      "resolved": "https://dialearn.pkgs.visualstudio.com/_packaging/BLIS-SDK/npm/registry/buffer-equal-constant-time/-/buffer-equal-constant-time-1.0.1.tgz",
      "integrity": "sha1-+OcRMvf/5uAaXJaXpMbz5I1cyBk="
    },
    "bunyan": {
      "version": "https://registry.npmjs.org/bunyan/-/bunyan-1.8.10.tgz",
      "integrity": "sha1-IB/t0mxwgLYy9BYHL1OpC5pSmBw=",
      "requires": {
        "dtrace-provider": "https://registry.npmjs.org/dtrace-provider/-/dtrace-provider-0.8.3.tgz",
        "moment": "https://registry.npmjs.org/moment/-/moment-2.18.1.tgz",
        "mv": "https://registry.npmjs.org/mv/-/mv-2.1.1.tgz",
        "safe-json-stringify": "https://registry.npmjs.org/safe-json-stringify/-/safe-json-stringify-1.0.4.tgz"
      }
    },
    "caseless": {
      "version": "https://registry.npmjs.org/caseless/-/caseless-0.12.0.tgz",
      "integrity": "sha1-G2gcIf+EAzyCZUMJBolCDRhxUdw="
    },
    "chrono-node": {
      "version": "1.3.4",
      "resolved": "https://dialearn.pkgs.visualstudio.com/_packaging/BLIS-SDK/npm/registry/chrono-node/-/chrono-node-1.3.4.tgz",
      "integrity": "sha1-/CqSCGNuCdb9exLZSuJECTfeJL0=",
      "requires": {
        "moment": "https://registry.npmjs.org/moment/-/moment-2.18.1.tgz"
      }
    },
    "clone": {
      "version": "2.1.1",
      "resolved": "https://dialearn.pkgs.visualstudio.com/_packaging/BLIS-SDK/npm/registry/clone/-/clone-2.1.1.tgz",
      "integrity": "sha1-0hfR6WERjjrJpLi7oyhVU79kfNs="
    },
    "co": {
      "version": "https://registry.npmjs.org/co/-/co-4.6.0.tgz",
      "integrity": "sha1-bqa989hTrlTMuOR7+gvz+QMfsYQ="
    },
    "combined-stream": {
      "version": "https://registry.npmjs.org/combined-stream/-/combined-stream-1.0.5.tgz",
      "integrity": "sha1-k4NwpXtKUd6ix3wV1cX9+JUWQAk=",
      "requires": {
        "delayed-stream": "https://registry.npmjs.org/delayed-stream/-/delayed-stream-1.0.0.tgz"
      }
    },
    "component-emitter": {
      "version": "1.2.1",
      "resolved": "https://dialearn.pkgs.visualstudio.com/_packaging/BLIS-SDK/npm/registry/component-emitter/-/component-emitter-1.2.1.tgz",
      "integrity": "sha1-E3kY1teCg/ffemt8WmPhQOaUJeY="
    },
    "concat-map": {
      "version": "https://registry.npmjs.org/concat-map/-/concat-map-0.0.1.tgz",
      "integrity": "sha1-2Klr13/Wjfd5OnMDajug1UBdR3s=",
      "optional": true
    },
    "cookiejar": {
      "version": "2.1.1",
      "resolved": "https://dialearn.pkgs.visualstudio.com/_packaging/BLIS-SDK/npm/registry/cookiejar/-/cookiejar-2.1.1.tgz",
      "integrity": "sha1-Qa1XsbVVlR7BcUEqgZQrHoIA00o="
    },
    "core-util-is": {
      "version": "https://registry.npmjs.org/core-util-is/-/core-util-is-1.0.2.tgz",
      "integrity": "sha1-tf1UIgqivFq1eqtxQMlAdUUDwac="
    },
    "cryptiles": {
      "version": "https://registry.npmjs.org/cryptiles/-/cryptiles-2.0.5.tgz",
      "integrity": "sha1-O9/s3GCBR8HGcgL6KR59ylnqo7g=",
      "requires": {
        "boom": "https://registry.npmjs.org/boom/-/boom-2.10.1.tgz"
      }
    },
    "csv": {
      "version": "https://registry.npmjs.org/csv/-/csv-0.4.6.tgz",
      "integrity": "sha1-jbrn3f26rmLB6ph8Pg+Kmsc3tz0=",
      "requires": {
        "csv-generate": "https://registry.npmjs.org/csv-generate/-/csv-generate-0.0.6.tgz",
        "csv-parse": "https://registry.npmjs.org/csv-parse/-/csv-parse-1.2.0.tgz",
        "csv-stringify": "https://registry.npmjs.org/csv-stringify/-/csv-stringify-0.0.8.tgz",
        "stream-transform": "https://registry.npmjs.org/stream-transform/-/stream-transform-0.1.2.tgz"
      }
    },
    "csv-generate": {
      "version": "https://registry.npmjs.org/csv-generate/-/csv-generate-0.0.6.tgz",
      "integrity": "sha1-l+TmOuRrIZEs2UdbwxRp0m9a3mY="
    },
    "csv-parse": {
      "version": "https://registry.npmjs.org/csv-parse/-/csv-parse-1.2.0.tgz",
      "integrity": "sha1-BHtzhoq5qFdG6IX2N/ntD7ZFpCU="
    },
    "csv-stringify": {
      "version": "https://registry.npmjs.org/csv-stringify/-/csv-stringify-0.0.8.tgz",
      "integrity": "sha1-Usw7PfwZd1jFWtMlqVvoUHH55Rs="
    },
    "ctype": {
      "version": "https://registry.npmjs.org/ctype/-/ctype-0.5.3.tgz",
      "integrity": "sha1-gsGMJGH3QRTvFsE1IkrQuRRMoS8="
    },
    "dashdash": {
      "version": "https://registry.npmjs.org/dashdash/-/dashdash-1.14.1.tgz",
      "integrity": "sha1-hTz6D3y+L+1d4gMmuN1YEDX24vA=",
      "requires": {
        "assert-plus": "https://registry.npmjs.org/assert-plus/-/assert-plus-1.0.0.tgz"
      },
      "dependencies": {
        "assert-plus": {
          "version": "https://registry.npmjs.org/assert-plus/-/assert-plus-1.0.0.tgz",
          "integrity": "sha1-8S4PPF13sLHN2RRpQuTpbB5N1SU="
        }
      }
    },
    "debug": {
      "version": "https://registry.npmjs.org/debug/-/debug-2.6.8.tgz",
      "integrity": "sha1-5zFTHKLt4n0YgiJCfaF4IdaP9Pw=",
      "requires": {
        "ms": "https://registry.npmjs.org/ms/-/ms-2.0.0.tgz"
      }
    },
    "delayed-stream": {
      "version": "https://registry.npmjs.org/delayed-stream/-/delayed-stream-1.0.0.tgz",
      "integrity": "sha1-3zrhmayt+31ECqrgsp4icrJOxhk="
    },
    "detect-node": {
      "version": "https://registry.npmjs.org/detect-node/-/detect-node-2.0.3.tgz",
      "integrity": "sha1-ogM8CcyOFY03dI+951B4Mr1s4Sc="
    },
    "double-ended-queue": {
      "version": "2.1.0-0",
      "resolved": "https://dialearn.pkgs.visualstudio.com/_packaging/BLIS-SDK/npm/registry/double-ended-queue/-/double-ended-queue-2.1.0-0.tgz",
      "integrity": "sha1-ED01J/0xUo9AGIEwyEHv3XgmTlw="
    },
    "dtrace-provider": {
      "version": "https://registry.npmjs.org/dtrace-provider/-/dtrace-provider-0.8.3.tgz",
      "integrity": "sha1-uhv8ZJMoXM/PxqtpzVxh10wqQ78=",
      "optional": true,
      "requires": {
        "nan": "https://registry.npmjs.org/nan/-/nan-2.6.2.tgz"
      }
    },
    "ecc-jsbn": {
      "version": "https://registry.npmjs.org/ecc-jsbn/-/ecc-jsbn-0.1.1.tgz",
      "integrity": "sha1-D8c6ntXw1Tw4GTOYUj735UN3dQU=",
      "optional": true,
      "requires": {
        "jsbn": "https://registry.npmjs.org/jsbn/-/jsbn-0.1.1.tgz"
      }
    },
    "ecdsa-sig-formatter": {
      "version": "1.0.9",
      "resolved": "https://dialearn.pkgs.visualstudio.com/_packaging/BLIS-SDK/npm/registry/ecdsa-sig-formatter/-/ecdsa-sig-formatter-1.0.9.tgz",
      "integrity": "sha1-S8kmJ07Dtau1AW5+HWCSGsJisqE=",
      "requires": {
        "base64url": "2.0.0",
        "safe-buffer": "https://registry.npmjs.org/safe-buffer/-/safe-buffer-5.1.1.tgz"
      }
    },
    "escape-regexp-component": {
      "version": "https://registry.npmjs.org/escape-regexp-component/-/escape-regexp-component-1.0.2.tgz",
      "integrity": "sha1-nGO20LJf8qiMOtvRjFthrMO5+qI="
    },
    "esprima": {
      "version": "https://registry.npmjs.org/esprima/-/esprima-4.0.0.tgz",
      "integrity": "sha1-RJnt3NERDgshi6zy+n9/WfVcqAQ="
    },
    "extend": {
      "version": "https://registry.npmjs.org/extend/-/extend-3.0.1.tgz",
      "integrity": "sha1-p1Xqe8Gt/MWjHOfnYtuq3F5jZEQ="
    },
    "extsprintf": {
      "version": "https://registry.npmjs.org/extsprintf/-/extsprintf-1.0.2.tgz",
      "integrity": "sha1-4QgOBljjALBilJkMxw4VAiNf1VA="
    },
    "forever-agent": {
      "version": "https://registry.npmjs.org/forever-agent/-/forever-agent-0.6.1.tgz",
      "integrity": "sha1-+8cfDEGt6zf5bFd60e1C2P2sypE="
    },
    "form-data": {
      "version": "https://registry.npmjs.org/form-data/-/form-data-2.1.4.tgz",
      "integrity": "sha1-M8GDrPGTJ27KqYFDpp6Uv+4XUNE=",
      "requires": {
        "asynckit": "https://registry.npmjs.org/asynckit/-/asynckit-0.4.0.tgz",
        "combined-stream": "https://registry.npmjs.org/combined-stream/-/combined-stream-1.0.5.tgz",
        "mime-types": "https://registry.npmjs.org/mime-types/-/mime-types-2.1.15.tgz"
      }
    },
    "formidable": {
      "version": "https://registry.npmjs.org/formidable/-/formidable-1.1.1.tgz",
      "integrity": "sha1-lriIb3w8NQi5Mta9cMTTqI818ak="
    },
    "getpass": {
      "version": "https://registry.npmjs.org/getpass/-/getpass-0.1.7.tgz",
      "integrity": "sha1-Xv+OPmhNVprkyysSgmBOi6YhSfo=",
      "requires": {
        "assert-plus": "https://registry.npmjs.org/assert-plus/-/assert-plus-1.0.0.tgz"
      },
      "dependencies": {
        "assert-plus": {
          "version": "https://registry.npmjs.org/assert-plus/-/assert-plus-1.0.0.tgz",
          "integrity": "sha1-8S4PPF13sLHN2RRpQuTpbB5N1SU="
        }
      }
    },
    "glob": {
      "version": "https://registry.npmjs.org/glob/-/glob-6.0.4.tgz",
      "integrity": "sha1-DwiGD2oVUSey+t1PnOJLGqtuTSI=",
      "optional": true,
      "requires": {
        "inflight": "https://registry.npmjs.org/inflight/-/inflight-1.0.6.tgz",
        "inherits": "https://registry.npmjs.org/inherits/-/inherits-2.0.3.tgz",
        "minimatch": "https://registry.npmjs.org/minimatch/-/minimatch-3.0.4.tgz",
        "once": "https://registry.npmjs.org/once/-/once-1.4.0.tgz",
        "path-is-absolute": "https://registry.npmjs.org/path-is-absolute/-/path-is-absolute-1.0.1.tgz"
      }
    },
    "handle-thing": {
      "version": "https://registry.npmjs.org/handle-thing/-/handle-thing-1.2.5.tgz",
      "integrity": "sha1-/Xqtcmvxpf0W38KbL3pmAdJxOcQ="
    },
    "har-schema": {
      "version": "https://registry.npmjs.org/har-schema/-/har-schema-1.0.5.tgz",
      "integrity": "sha1-0mMTX0MwfALGAq/I/pWXDAFRNp4="
    },
    "har-validator": {
      "version": "https://registry.npmjs.org/har-validator/-/har-validator-4.2.1.tgz",
      "integrity": "sha1-M0gdDxu/9gDdID11gSpqX7oALio=",
      "requires": {
        "ajv": "https://registry.npmjs.org/ajv/-/ajv-4.11.8.tgz",
        "har-schema": "https://registry.npmjs.org/har-schema/-/har-schema-1.0.5.tgz"
      }
    },
    "hawk": {
      "version": "https://registry.npmjs.org/hawk/-/hawk-3.1.3.tgz",
      "integrity": "sha1-B4REvXwWQLD+VA0sm3PVlnjo4cQ=",
      "requires": {
        "boom": "https://registry.npmjs.org/boom/-/boom-2.10.1.tgz",
        "cryptiles": "https://registry.npmjs.org/cryptiles/-/cryptiles-2.0.5.tgz",
        "hoek": "https://registry.npmjs.org/hoek/-/hoek-2.16.3.tgz",
        "sntp": "https://registry.npmjs.org/sntp/-/sntp-1.0.9.tgz"
      }
    },
    "hoek": {
      "version": "https://registry.npmjs.org/hoek/-/hoek-2.16.3.tgz",
      "integrity": "sha1-ILt0A9POo5jpHcRxCo/xuCdKJe0="
    },
    "hpack.js": {
      "version": "https://registry.npmjs.org/hpack.js/-/hpack.js-2.1.6.tgz",
      "integrity": "sha1-h3dMCUnlE/QuhFdbPEVoH63ioLI=",
      "requires": {
        "inherits": "https://registry.npmjs.org/inherits/-/inherits-2.0.3.tgz",
        "obuf": "https://registry.npmjs.org/obuf/-/obuf-1.1.1.tgz",
        "readable-stream": "https://registry.npmjs.org/readable-stream/-/readable-stream-2.3.3.tgz",
        "wbuf": "https://registry.npmjs.org/wbuf/-/wbuf-1.7.2.tgz"
      }
    },
    "http-deceiver": {
      "version": "https://registry.npmjs.org/http-deceiver/-/http-deceiver-1.2.7.tgz",
      "integrity": "sha1-+nFolEq5pRnTN8sL7HKE3D5yPYc="
    },
    "http-signature": {
      "version": "https://registry.npmjs.org/http-signature/-/http-signature-1.1.1.tgz",
      "integrity": "sha1-33LiZwZs0Kxn+3at+OE0qPvPkb8=",
      "requires": {
        "assert-plus": "https://registry.npmjs.org/assert-plus/-/assert-plus-0.2.0.tgz",
        "jsprim": "https://registry.npmjs.org/jsprim/-/jsprim-1.4.0.tgz",
        "sshpk": "https://registry.npmjs.org/sshpk/-/sshpk-1.13.1.tgz"
      }
    },
    "inflight": {
      "version": "https://registry.npmjs.org/inflight/-/inflight-1.0.6.tgz",
      "integrity": "sha1-Sb1jMdfQLQwJvJEKEHW6gWW1bfk=",
      "optional": true,
      "requires": {
        "once": "https://registry.npmjs.org/once/-/once-1.4.0.tgz",
        "wrappy": "https://registry.npmjs.org/wrappy/-/wrappy-1.0.2.tgz"
      }
    },
    "inherits": {
      "version": "https://registry.npmjs.org/inherits/-/inherits-2.0.3.tgz",
      "integrity": "sha1-Yzwsg+PaQqUC9SRmAiSA9CCCYd4="
    },
    "is-typedarray": {
      "version": "https://registry.npmjs.org/is-typedarray/-/is-typedarray-1.0.0.tgz",
      "integrity": "sha1-5HnICFjfDBsR3dppQPlgEfzaSpo="
    },
    "isarray": {
      "version": "https://registry.npmjs.org/isarray/-/isarray-1.0.0.tgz",
      "integrity": "sha1-u5NdSFgsuhaMBoNJV6VKPgcSTxE="
    },
    "isemail": {
      "version": "1.2.0",
      "resolved": "https://dialearn.pkgs.visualstudio.com/_packaging/BLIS-SDK/npm/registry/isemail/-/isemail-1.2.0.tgz",
      "integrity": "sha1-vgPfjMPineTSxd9lASY/H6RZXpo="
    },
    "isstream": {
      "version": "https://registry.npmjs.org/isstream/-/isstream-0.1.2.tgz",
      "integrity": "sha1-R+Y/evVa+m+S4VAOaQ64uFKcCZo="
    },
    "joi": {
      "version": "6.10.1",
      "resolved": "https://dialearn.pkgs.visualstudio.com/_packaging/BLIS-SDK/npm/registry/joi/-/joi-6.10.1.tgz",
      "integrity": "sha1-TVDDGAeRIgAP5fFq8f+OGRe3fgY=",
      "requires": {
        "hoek": "https://registry.npmjs.org/hoek/-/hoek-2.16.3.tgz",
        "isemail": "1.2.0",
        "moment": "https://registry.npmjs.org/moment/-/moment-2.18.1.tgz",
        "topo": "1.1.0"
      }
    },
    "js-yaml": {
      "version": "https://registry.npmjs.org/js-yaml/-/js-yaml-3.9.0.tgz",
      "integrity": "sha1-T/u/JcKsljuCmdx02n43QN4cGM4=",
      "requires": {
        "argparse": "1.0.9",
        "esprima": "https://registry.npmjs.org/esprima/-/esprima-4.0.0.tgz"
      }
    },
    "jsbn": {
      "version": "https://registry.npmjs.org/jsbn/-/jsbn-0.1.1.tgz",
      "integrity": "sha1-peZUwuWi3rXyAdls77yoDA7y9RM=",
      "optional": true
    },
    "json-schema": {
      "version": "https://registry.npmjs.org/json-schema/-/json-schema-0.2.3.tgz",
      "integrity": "sha1-tIDIkuWaLwWVTOcnvT8qTogvnhM="
    },
    "json-stable-stringify": {
      "version": "https://registry.npmjs.org/json-stable-stringify/-/json-stable-stringify-1.0.1.tgz",
      "integrity": "sha1-mnWdOcXy/1A/1TAGRu1EX4jE+a8=",
      "requires": {
        "jsonify": "https://registry.npmjs.org/jsonify/-/jsonify-0.0.0.tgz"
      }
    },
    "json-stringify-safe": {
      "version": "https://registry.npmjs.org/json-stringify-safe/-/json-stringify-safe-5.0.1.tgz",
      "integrity": "sha1-Epai1Y/UXxmg9s4B1lcB4sc1tus="
    },
    "jsonify": {
      "version": "https://registry.npmjs.org/jsonify/-/jsonify-0.0.0.tgz",
      "integrity": "sha1-LHS27kHZPKUbe1qu6PUDYx0lKnM="
    },
    "jsonwebtoken": {
      "version": "7.4.1",
      "resolved": "https://dialearn.pkgs.visualstudio.com/_packaging/BLIS-SDK/npm/registry/jsonwebtoken/-/jsonwebtoken-7.4.1.tgz",
      "integrity": "sha1-fKMk9SFfi+A5zTWmxFu4y3SkSPs=",
      "requires": {
        "joi": "6.10.1",
        "jws": "3.1.4",
        "lodash.once": "4.1.1",
        "ms": "https://registry.npmjs.org/ms/-/ms-2.0.0.tgz",
        "xtend": "4.0.1"
      }
    },
    "jsprim": {
      "version": "https://registry.npmjs.org/jsprim/-/jsprim-1.4.0.tgz",
      "integrity": "sha1-o7h+QCmNjDgFUtjMdiigu5WiKRg=",
      "requires": {
        "assert-plus": "https://registry.npmjs.org/assert-plus/-/assert-plus-1.0.0.tgz",
        "extsprintf": "https://registry.npmjs.org/extsprintf/-/extsprintf-1.0.2.tgz",
        "json-schema": "https://registry.npmjs.org/json-schema/-/json-schema-0.2.3.tgz",
        "verror": "https://registry.npmjs.org/verror/-/verror-1.3.6.tgz"
      },
      "dependencies": {
        "assert-plus": {
          "version": "https://registry.npmjs.org/assert-plus/-/assert-plus-1.0.0.tgz",
          "integrity": "sha1-8S4PPF13sLHN2RRpQuTpbB5N1SU="
        }
      }
    },
    "jwa": {
      "version": "1.1.5",
      "resolved": "https://dialearn.pkgs.visualstudio.com/_packaging/BLIS-SDK/npm/registry/jwa/-/jwa-1.1.5.tgz",
      "integrity": "sha1-oFUs4CIHQs1S4VN3SjKQXDDnVuU=",
      "requires": {
        "base64url": "2.0.0",
        "buffer-equal-constant-time": "1.0.1",
        "ecdsa-sig-formatter": "1.0.9",
        "safe-buffer": "https://registry.npmjs.org/safe-buffer/-/safe-buffer-5.1.1.tgz"
      }
    },
    "jws": {
      "version": "3.1.4",
      "resolved": "https://dialearn.pkgs.visualstudio.com/_packaging/BLIS-SDK/npm/registry/jws/-/jws-3.1.4.tgz",
      "integrity": "sha1-+ei5M46KhHJ31kRLFGT2GIDgUKI=",
      "requires": {
        "base64url": "2.0.0",
        "jwa": "1.1.5",
        "safe-buffer": "https://registry.npmjs.org/safe-buffer/-/safe-buffer-5.1.1.tgz"
      }
    },
    "keep-alive-agent": {
      "version": "https://registry.npmjs.org/keep-alive-agent/-/keep-alive-agent-0.0.1.tgz",
      "integrity": "sha1-RIR8o5TOjWtSGuhYFr1kUJlCs4U="
    },
    "lodash": {
      "version": "4.17.4",
      "resolved": "https://dialearn.pkgs.visualstudio.com/_packaging/BLIS-SDK/npm/registry/lodash/-/lodash-4.17.4.tgz",
      "integrity": "sha1-eCA6TRwyiuHYbcpkYONptX9AVa4="
    },
    "lodash-compat": {
      "version": "3.10.2",
      "resolved": "https://dialearn.pkgs.visualstudio.com/_packaging/BLIS-SDK/npm/registry/lodash-compat/-/lodash-compat-3.10.2.tgz",
      "integrity": "sha1-xpQBKKnTD46QLNLPmf0Muk7PwYM="
    },
    "lodash.once": {
      "version": "4.1.1",
      "resolved": "https://dialearn.pkgs.visualstudio.com/_packaging/BLIS-SDK/npm/registry/lodash.once/-/lodash.once-4.1.1.tgz",
      "integrity": "sha1-DdOXEhPHxW34gJd9UEyI+0cal6w="
    },
    "lru-cache": {
      "version": "https://registry.npmjs.org/lru-cache/-/lru-cache-4.1.1.tgz",
      "integrity": "sha1-Yi4y6CSItJJ5EUpPns9F581rulU=",
      "requires": {
        "pseudomap": "https://registry.npmjs.org/pseudomap/-/pseudomap-1.0.2.tgz",
        "yallist": "https://registry.npmjs.org/yallist/-/yallist-2.1.2.tgz"
      }
    },
    "methods": {
      "version": "1.1.2",
      "resolved": "https://dialearn.pkgs.visualstudio.com/_packaging/BLIS-SDK/npm/registry/methods/-/methods-1.1.2.tgz",
      "integrity": "sha1-VSmk1nZUE07cxSZmVoNbD4Ua/O4="
    },
    "mime": {
      "version": "https://registry.npmjs.org/mime/-/mime-1.3.6.tgz",
      "integrity": "sha1-WR2E02U6awtKO5343lqoEI5y5eA="
    },
    "mime-db": {
      "version": "https://registry.npmjs.org/mime-db/-/mime-db-1.27.0.tgz",
      "integrity": "sha1-gg9XIpa70g7CXtVeW13oaeVDbrE="
    },
    "mime-types": {
      "version": "https://registry.npmjs.org/mime-types/-/mime-types-2.1.15.tgz",
      "integrity": "sha1-pOv1BkCUVpI3uM9wBGd20J/JKu0=",
      "requires": {
        "mime-db": "https://registry.npmjs.org/mime-db/-/mime-db-1.27.0.tgz"
      }
    },
    "minimalistic-assert": {
      "version": "https://registry.npmjs.org/minimalistic-assert/-/minimalistic-assert-1.0.0.tgz",
      "integrity": "sha1-cCvi3aazf0g2vLP121ZkG2Sh09M="
    },
    "minimatch": {
      "version": "https://registry.npmjs.org/minimatch/-/minimatch-3.0.4.tgz",
      "integrity": "sha1-UWbihkV/AzBgZL5Ul+jbsMPTIIM=",
      "optional": true,
      "requires": {
        "brace-expansion": "https://registry.npmjs.org/brace-expansion/-/brace-expansion-1.1.8.tgz"
      }
    },
    "minimist": {
      "version": "https://registry.npmjs.org/minimist/-/minimist-0.0.8.tgz",
      "integrity": "sha1-hX/Kv8M5fSYluCKCYuhqp6ARsF0=",
      "optional": true
    },
    "mkdirp": {
      "version": "https://registry.npmjs.org/mkdirp/-/mkdirp-0.5.1.tgz",
      "integrity": "sha1-MAV0OOrGz3+MR2fzhkjWaX11yQM=",
      "optional": true,
      "requires": {
        "minimist": "https://registry.npmjs.org/minimist/-/minimist-0.0.8.tgz"
      }
    },
    "moment": {
      "version": "https://registry.npmjs.org/moment/-/moment-2.18.1.tgz",
      "integrity": "sha1-w2GT3Tzhwu7SrbfIAtu8d6gbHA8="
    },
    "ms": {
      "version": "https://registry.npmjs.org/ms/-/ms-2.0.0.tgz",
      "integrity": "sha1-VgiurfwAvmwpAd9fmGF4jeDVl8g="
    },
    "mv": {
      "version": "https://registry.npmjs.org/mv/-/mv-2.1.1.tgz",
      "integrity": "sha1-rmzg1vbV4KT32JN5jQPB6pVZtqI=",
      "optional": true,
      "requires": {
        "mkdirp": "https://registry.npmjs.org/mkdirp/-/mkdirp-0.5.1.tgz",
        "ncp": "https://registry.npmjs.org/ncp/-/ncp-2.0.0.tgz",
        "rimraf": "https://registry.npmjs.org/rimraf/-/rimraf-2.4.5.tgz"
      }
    },
    "nan": {
      "version": "https://registry.npmjs.org/nan/-/nan-2.6.2.tgz",
      "integrity": "sha1-5P805slf37WuzAjeZZb0NgWn20U=",
      "optional": true
    },
    "ncp": {
      "version": "https://registry.npmjs.org/ncp/-/ncp-2.0.0.tgz",
      "integrity": "sha1-GVoh1sRuNh0vsSgbo4uR6d9727M=",
      "optional": true
    },
    "negotiator": {
      "version": "https://registry.npmjs.org/negotiator/-/negotiator-0.6.1.tgz",
      "integrity": "sha1-KzJxhOiZIQEXeyhWP7XnECrNDKk="
    },
    "node-cache": {
      "version": "4.1.1",
      "resolved": "https://dialearn.pkgs.visualstudio.com/_packaging/BLIS-SDK/npm/registry/node-cache/-/node-cache-4.1.1.tgz",
      "integrity": "sha1-CFJGRe5AOd7cPcwd18a5eeBhnkQ=",
      "requires": {
        "clone": "2.1.1",
        "lodash": "4.17.4"
      }
    },
    "oauth-sign": {
      "version": "https://registry.npmjs.org/oauth-sign/-/oauth-sign-0.8.2.tgz",
      "integrity": "sha1-Rqarfwrq2N6unsBWV4C31O/rnUM="
    },
    "obuf": {
      "version": "https://registry.npmjs.org/obuf/-/obuf-1.1.1.tgz",
      "integrity": "sha1-EEEktsYCxnlogaBCVB0220OlJk4="
    },
    "once": {
      "version": "https://registry.npmjs.org/once/-/once-1.4.0.tgz",
      "integrity": "sha1-WDsap3WWHUsROsF9nFC6753Xa9E=",
      "requires": {
        "wrappy": "https://registry.npmjs.org/wrappy/-/wrappy-1.0.2.tgz"
      }
    },
    "path-is-absolute": {
      "version": "https://registry.npmjs.org/path-is-absolute/-/path-is-absolute-1.0.1.tgz",
      "integrity": "sha1-F0uSaHNVNP+8es5r9TpanhtcX18=",
      "optional": true
    },
    "performance-now": {
      "version": "https://registry.npmjs.org/performance-now/-/performance-now-0.2.0.tgz",
      "integrity": "sha1-M+8wxcd9TqIcWlOGnZG1bY8lVeU="
    },
    "precond": {
      "version": "https://registry.npmjs.org/precond/-/precond-0.2.3.tgz",
      "integrity": "sha1-qpWRvKokkj8eD0hJ0kD0fvwQdaw="
    },
    "process-nextick-args": {
      "version": "https://registry.npmjs.org/process-nextick-args/-/process-nextick-args-1.0.7.tgz",
      "integrity": "sha1-FQ4gt1ZZCtP5EJPyWk8q2L/zC6M="
    },
    "promise": {
      "version": "https://registry.npmjs.org/promise/-/promise-7.3.1.tgz",
      "integrity": "sha1-BktyYCsY+Q8pGSuLG8QY/9Hr078=",
      "requires": {
        "asap": "2.0.6"
      }
    },
    "pseudomap": {
      "version": "https://registry.npmjs.org/pseudomap/-/pseudomap-1.0.2.tgz",
      "integrity": "sha1-8FKijacOYYkX7wqKw0wa5aaChrM="
    },
    "punycode": {
      "version": "https://registry.npmjs.org/punycode/-/punycode-1.4.1.tgz",
      "integrity": "sha1-wNWmOycYgArY4esPpSachN1BhF4="
    },
    "q": {
      "version": "1.5.0",
      "resolved": "https://dialearn.pkgs.visualstudio.com/_packaging/BLIS-SDK/npm/registry/q/-/q-1.5.0.tgz",
      "integrity": "sha1-3QG6ydBtMObyGa7LglPunr3DCPE="
    },
    "qs": {
      "version": "https://registry.npmjs.org/qs/-/qs-6.4.0.tgz",
      "integrity": "sha1-E+JtKK1rD/qpExLNO/cI7TUecjM="
    },
    "readable-stream": {
      "version": "https://registry.npmjs.org/readable-stream/-/readable-stream-2.3.3.tgz",
      "integrity": "sha1-No8lEtefnUb9/HE0mueHi7weuVw=",
      "requires": {
        "core-util-is": "https://registry.npmjs.org/core-util-is/-/core-util-is-1.0.2.tgz",
        "inherits": "https://registry.npmjs.org/inherits/-/inherits-2.0.3.tgz",
        "isarray": "https://registry.npmjs.org/isarray/-/isarray-1.0.0.tgz",
        "process-nextick-args": "https://registry.npmjs.org/process-nextick-args/-/process-nextick-args-1.0.7.tgz",
        "safe-buffer": "https://registry.npmjs.org/safe-buffer/-/safe-buffer-5.1.1.tgz",
        "string_decoder": "https://registry.npmjs.org/string_decoder/-/string_decoder-1.0.3.tgz",
        "util-deprecate": "https://registry.npmjs.org/util-deprecate/-/util-deprecate-1.0.2.tgz"
      }
    },
    "redis": {
      "version": "2.8.0",
      "resolved": "https://dialearn.pkgs.visualstudio.com/_packaging/BLIS-SDK/npm/registry/redis/-/redis-2.8.0.tgz",
      "integrity": "sha512-M1OkonEQwtRmZv4tEWF2VgpG0JWJ8Fv1PhlgT5+B+uNq2cA3Rt1Yt/ryoR+vQNOQcIEgdCdfH0jr3bDpihAw1A==",
      "requires": {
        "double-ended-queue": "2.1.0-0",
        "redis-commands": "1.3.1",
        "redis-parser": "2.6.0"
      }
    },
    "redis-commands": {
      "version": "1.3.1",
      "resolved": "https://dialearn.pkgs.visualstudio.com/_packaging/BLIS-SDK/npm/registry/redis-commands/-/redis-commands-1.3.1.tgz",
      "integrity": "sha1-gdgm9F+pyLIBH0zXoP5ZfSQdRCs="
    },
    "redis-parser": {
      "version": "2.6.0",
      "resolved": "https://dialearn.pkgs.visualstudio.com/_packaging/BLIS-SDK/npm/registry/redis-parser/-/redis-parser-2.6.0.tgz",
      "integrity": "sha1-Uu0J2srBCPGmMcB+m2mUHnoZUEs="
    },
    "request": {
      "version": "https://registry.npmjs.org/request/-/request-2.81.0.tgz",
      "integrity": "sha1-xpKJRqDgbF+Nb4qTM0af/aRimKA=",
      "requires": {
        "aws-sign2": "https://registry.npmjs.org/aws-sign2/-/aws-sign2-0.6.0.tgz",
        "aws4": "https://registry.npmjs.org/aws4/-/aws4-1.6.0.tgz",
        "caseless": "https://registry.npmjs.org/caseless/-/caseless-0.12.0.tgz",
        "combined-stream": "https://registry.npmjs.org/combined-stream/-/combined-stream-1.0.5.tgz",
        "extend": "https://registry.npmjs.org/extend/-/extend-3.0.1.tgz",
        "forever-agent": "https://registry.npmjs.org/forever-agent/-/forever-agent-0.6.1.tgz",
        "form-data": "https://registry.npmjs.org/form-data/-/form-data-2.1.4.tgz",
        "har-validator": "https://registry.npmjs.org/har-validator/-/har-validator-4.2.1.tgz",
        "hawk": "https://registry.npmjs.org/hawk/-/hawk-3.1.3.tgz",
        "http-signature": "https://registry.npmjs.org/http-signature/-/http-signature-1.1.1.tgz",
        "is-typedarray": "https://registry.npmjs.org/is-typedarray/-/is-typedarray-1.0.0.tgz",
        "isstream": "https://registry.npmjs.org/isstream/-/isstream-0.1.2.tgz",
        "json-stringify-safe": "https://registry.npmjs.org/json-stringify-safe/-/json-stringify-safe-5.0.1.tgz",
        "mime-types": "https://registry.npmjs.org/mime-types/-/mime-types-2.1.15.tgz",
        "oauth-sign": "https://registry.npmjs.org/oauth-sign/-/oauth-sign-0.8.2.tgz",
        "performance-now": "https://registry.npmjs.org/performance-now/-/performance-now-0.2.0.tgz",
        "qs": "https://registry.npmjs.org/qs/-/qs-6.4.0.tgz",
        "safe-buffer": "https://registry.npmjs.org/safe-buffer/-/safe-buffer-5.1.1.tgz",
        "stringstream": "https://registry.npmjs.org/stringstream/-/stringstream-0.0.5.tgz",
        "tough-cookie": "https://registry.npmjs.org/tough-cookie/-/tough-cookie-2.3.2.tgz",
        "tunnel-agent": "https://registry.npmjs.org/tunnel-agent/-/tunnel-agent-0.6.0.tgz",
        "uuid": "https://registry.npmjs.org/uuid/-/uuid-3.1.0.tgz"
      }
    },
    "restify": {
      "version": "https://registry.npmjs.org/restify/-/restify-4.3.1.tgz",
      "integrity": "sha1-Yz6AlVTnRCK8KKNOIzzMK+4uiQQ=",
      "requires": {
        "assert-plus": "https://registry.npmjs.org/assert-plus/-/assert-plus-0.1.5.tgz",
        "backoff": "https://registry.npmjs.org/backoff/-/backoff-2.5.0.tgz",
        "bunyan": "https://registry.npmjs.org/bunyan/-/bunyan-1.8.10.tgz",
        "csv": "https://registry.npmjs.org/csv/-/csv-0.4.6.tgz",
        "dtrace-provider": "https://registry.npmjs.org/dtrace-provider/-/dtrace-provider-0.8.3.tgz",
        "escape-regexp-component": "https://registry.npmjs.org/escape-regexp-component/-/escape-regexp-component-1.0.2.tgz",
        "formidable": "https://registry.npmjs.org/formidable/-/formidable-1.1.1.tgz",
        "http-signature": "https://registry.npmjs.org/http-signature/-/http-signature-0.11.0.tgz",
        "keep-alive-agent": "https://registry.npmjs.org/keep-alive-agent/-/keep-alive-agent-0.0.1.tgz",
        "lru-cache": "https://registry.npmjs.org/lru-cache/-/lru-cache-4.1.1.tgz",
        "mime": "https://registry.npmjs.org/mime/-/mime-1.3.6.tgz",
        "negotiator": "https://registry.npmjs.org/negotiator/-/negotiator-0.6.1.tgz",
        "once": "https://registry.npmjs.org/once/-/once-1.4.0.tgz",
        "qs": "https://registry.npmjs.org/qs/-/qs-6.4.0.tgz",
        "semver": "https://registry.npmjs.org/semver/-/semver-4.3.6.tgz",
        "spdy": "https://registry.npmjs.org/spdy/-/spdy-3.4.7.tgz",
        "tunnel-agent": "https://registry.npmjs.org/tunnel-agent/-/tunnel-agent-0.4.3.tgz",
        "uuid": "https://registry.npmjs.org/uuid/-/uuid-3.1.0.tgz",
        "vasync": "https://registry.npmjs.org/vasync/-/vasync-1.6.3.tgz",
        "verror": "https://registry.npmjs.org/verror/-/verror-1.10.0.tgz"
      },
      "dependencies": {
        "asn1": {
          "version": "https://registry.npmjs.org/asn1/-/asn1-0.1.11.tgz",
          "integrity": "sha1-VZvhg3bQik7E2+gId9J4GGObLfc="
        },
        "assert-plus": {
          "version": "https://registry.npmjs.org/assert-plus/-/assert-plus-0.1.5.tgz",
          "integrity": "sha1-7nQAlBMALYTOxyGcasgRgS5yMWA="
        },
        "extsprintf": {
          "version": "https://registry.npmjs.org/extsprintf/-/extsprintf-1.3.0.tgz",
          "integrity": "sha1-lpGEQOMEGnpBT4xS48V06zw+HgU="
        },
        "http-signature": {
          "version": "https://registry.npmjs.org/http-signature/-/http-signature-0.11.0.tgz",
          "integrity": "sha1-F5bPZ6ABrVzWhJ3KCZFIXwkIn+Y=",
          "requires": {
            "asn1": "https://registry.npmjs.org/asn1/-/asn1-0.1.11.tgz",
            "assert-plus": "https://registry.npmjs.org/assert-plus/-/assert-plus-0.1.5.tgz",
            "ctype": "https://registry.npmjs.org/ctype/-/ctype-0.5.3.tgz"
          }
        },
        "tunnel-agent": {
          "version": "https://registry.npmjs.org/tunnel-agent/-/tunnel-agent-0.4.3.tgz",
          "integrity": "sha1-Y3PbdpCf5XDgjXNYM2Xtgop07us="
        },
        "verror": {
          "version": "https://registry.npmjs.org/verror/-/verror-1.10.0.tgz",
          "integrity": "sha1-OhBcoXBTr1XW4nDB+CiGguGNpAA=",
          "requires": {
            "assert-plus": "https://registry.npmjs.org/assert-plus/-/assert-plus-1.0.0.tgz",
            "core-util-is": "https://registry.npmjs.org/core-util-is/-/core-util-is-1.0.2.tgz",
            "extsprintf": "https://registry.npmjs.org/extsprintf/-/extsprintf-1.3.0.tgz"
          },
          "dependencies": {
            "assert-plus": {
              "version": "https://registry.npmjs.org/assert-plus/-/assert-plus-1.0.0.tgz",
              "integrity": "sha1-8S4PPF13sLHN2RRpQuTpbB5N1SU="
            }
          }
        }
      }
    },
    "rimraf": {
      "version": "https://registry.npmjs.org/rimraf/-/rimraf-2.4.5.tgz",
      "integrity": "sha1-7nEM5dk6j9uFb7Xqj/Di11k0sto=",
      "optional": true,
      "requires": {
        "glob": "https://registry.npmjs.org/glob/-/glob-6.0.4.tgz"
      }
    },
    "rsa-pem-from-mod-exp": {
      "version": "0.8.4",
      "resolved": "https://dialearn.pkgs.visualstudio.com/_packaging/BLIS-SDK/npm/registry/rsa-pem-from-mod-exp/-/rsa-pem-from-mod-exp-0.8.4.tgz",
      "integrity": "sha1-NipCxtMEBW1JOz8SvOq7LGV2ptQ="
    },
    "safe-buffer": {
      "version": "https://registry.npmjs.org/safe-buffer/-/safe-buffer-5.1.1.tgz",
      "integrity": "sha1-iTMSr2myEj3vcfV4iQAWce6yyFM="
    },
    "safe-json-stringify": {
      "version": "https://registry.npmjs.org/safe-json-stringify/-/safe-json-stringify-1.0.4.tgz",
      "integrity": "sha1-gaCY9Efku8P/MxKiQ1IbwGDvWRE=",
      "optional": true
    },
    "select-hose": {
      "version": "https://registry.npmjs.org/select-hose/-/select-hose-2.0.0.tgz",
      "integrity": "sha1-Yl2GWPhlr0Psliv8N2o3NZpJlMo="
    },
    "semver": {
      "version": "https://registry.npmjs.org/semver/-/semver-4.3.6.tgz",
      "integrity": "sha1-MAvG4OhjdPe6YQaLWx7NV/xlMto="
    },
    "sntp": {
      "version": "https://registry.npmjs.org/sntp/-/sntp-1.0.9.tgz",
      "integrity": "sha1-ZUEYTMkK7qbG57NeJlkIJEPGYZg=",
      "requires": {
        "hoek": "https://registry.npmjs.org/hoek/-/hoek-2.16.3.tgz"
      }
    },
    "spdy": {
      "version": "https://registry.npmjs.org/spdy/-/spdy-3.4.7.tgz",
      "integrity": "sha1-Qv9B7OXMD5mjpsKKq7c/XDsDrLw=",
      "requires": {
        "debug": "https://registry.npmjs.org/debug/-/debug-2.6.8.tgz",
        "handle-thing": "https://registry.npmjs.org/handle-thing/-/handle-thing-1.2.5.tgz",
        "http-deceiver": "https://registry.npmjs.org/http-deceiver/-/http-deceiver-1.2.7.tgz",
        "safe-buffer": "https://registry.npmjs.org/safe-buffer/-/safe-buffer-5.1.1.tgz",
        "select-hose": "https://registry.npmjs.org/select-hose/-/select-hose-2.0.0.tgz",
        "spdy-transport": "https://registry.npmjs.org/spdy-transport/-/spdy-transport-2.0.20.tgz"
      }
    },
    "spdy-transport": {
      "version": "https://registry.npmjs.org/spdy-transport/-/spdy-transport-2.0.20.tgz",
      "integrity": "sha1-c15yBUxIayNU/onnAiVgBKOazk0=",
      "requires": {
        "debug": "https://registry.npmjs.org/debug/-/debug-2.6.8.tgz",
        "detect-node": "https://registry.npmjs.org/detect-node/-/detect-node-2.0.3.tgz",
        "hpack.js": "https://registry.npmjs.org/hpack.js/-/hpack.js-2.1.6.tgz",
        "obuf": "https://registry.npmjs.org/obuf/-/obuf-1.1.1.tgz",
        "readable-stream": "https://registry.npmjs.org/readable-stream/-/readable-stream-2.3.3.tgz",
        "safe-buffer": "https://registry.npmjs.org/safe-buffer/-/safe-buffer-5.1.1.tgz",
        "wbuf": "https://registry.npmjs.org/wbuf/-/wbuf-1.7.2.tgz"
      }
    },
    "sprintf-js": {
      "version": "1.1.1",
      "resolved": "https://dialearn.pkgs.visualstudio.com/_packaging/BLIS-SDK/npm/registry/sprintf-js/-/sprintf-js-1.1.1.tgz",
      "integrity": "sha1-Nr54Mgr+WAH2zqPueLblqrlA6gw="
    },
    "sshpk": {
      "version": "https://registry.npmjs.org/sshpk/-/sshpk-1.13.1.tgz",
      "integrity": "sha1-US322mKHFEMW3EwY/hzx2UBzm+M=",
      "requires": {
        "asn1": "https://registry.npmjs.org/asn1/-/asn1-0.2.3.tgz",
        "assert-plus": "https://registry.npmjs.org/assert-plus/-/assert-plus-1.0.0.tgz",
        "bcrypt-pbkdf": "https://registry.npmjs.org/bcrypt-pbkdf/-/bcrypt-pbkdf-1.0.1.tgz",
        "dashdash": "https://registry.npmjs.org/dashdash/-/dashdash-1.14.1.tgz",
        "ecc-jsbn": "https://registry.npmjs.org/ecc-jsbn/-/ecc-jsbn-0.1.1.tgz",
        "getpass": "https://registry.npmjs.org/getpass/-/getpass-0.1.7.tgz",
        "jsbn": "https://registry.npmjs.org/jsbn/-/jsbn-0.1.1.tgz",
        "tweetnacl": "https://registry.npmjs.org/tweetnacl/-/tweetnacl-0.14.5.tgz"
      },
      "dependencies": {
        "assert-plus": {
          "version": "https://registry.npmjs.org/assert-plus/-/assert-plus-1.0.0.tgz",
          "integrity": "sha1-8S4PPF13sLHN2RRpQuTpbB5N1SU="
        }
      }
    },
    "stream-transform": {
      "version": "https://registry.npmjs.org/stream-transform/-/stream-transform-0.1.2.tgz",
      "integrity": "sha1-fY5rTgOsR4F3j4x5UXUBv7B2Kp8="
    },
    "string_decoder": {
      "version": "https://registry.npmjs.org/string_decoder/-/string_decoder-1.0.3.tgz",
      "integrity": "sha1-D8Z9fBQYJd6UKC3VNr7GubzoYKs=",
      "requires": {
        "safe-buffer": "https://registry.npmjs.org/safe-buffer/-/safe-buffer-5.1.1.tgz"
      }
    },
    "stringstream": {
      "version": "https://registry.npmjs.org/stringstream/-/stringstream-0.0.5.tgz",
      "integrity": "sha1-TkhM1N5aC7vuGORjB3EKioFiGHg="
    },
    "superagent": {
      "version": "2.3.0",
      "resolved": "https://dialearn.pkgs.visualstudio.com/_packaging/BLIS-SDK/npm/registry/superagent/-/superagent-2.3.0.tgz",
      "integrity": "sha1-cDUpoHFOV+EjlZ3e+84ZOy5Q0RU=",
      "requires": {
        "component-emitter": "1.2.1",
        "cookiejar": "2.1.1",
        "debug": "https://registry.npmjs.org/debug/-/debug-2.6.8.tgz",
        "extend": "https://registry.npmjs.org/extend/-/extend-3.0.1.tgz",
        "form-data": "1.0.0-rc4",
        "formidable": "https://registry.npmjs.org/formidable/-/formidable-1.1.1.tgz",
        "methods": "1.1.2",
        "mime": "https://registry.npmjs.org/mime/-/mime-1.3.6.tgz",
        "qs": "https://registry.npmjs.org/qs/-/qs-6.4.0.tgz",
        "readable-stream": "https://registry.npmjs.org/readable-stream/-/readable-stream-2.3.3.tgz"
      },
      "dependencies": {
        "form-data": {
          "version": "1.0.0-rc4",
          "resolved": "https://dialearn.pkgs.visualstudio.com/_packaging/BLIS-SDK/npm/registry/form-data/-/form-data-1.0.0-rc4.tgz",
          "integrity": "sha1-BaxrwiIntD5EYfSIFhVUaZ1Pi14=",
          "requires": {
            "async": "https://registry.npmjs.org/async/-/async-1.5.2.tgz",
            "combined-stream": "https://registry.npmjs.org/combined-stream/-/combined-stream-1.0.5.tgz",
            "mime-types": "https://registry.npmjs.org/mime-types/-/mime-types-2.1.15.tgz"
          }
        }
      }
    },
    "swagger-client": {
      "version": "2.2.21",
      "resolved": "https://dialearn.pkgs.visualstudio.com/_packaging/BLIS-SDK/npm/registry/swagger-client/-/swagger-client-2.2.21.tgz",
      "integrity": "sha1-WWa+I0dyRm5EcW9l4yAIFm2u66Q=",
      "requires": {
        "btoa": "1.1.2",
        "cookiejar": "2.1.1",
        "js-yaml": "https://registry.npmjs.org/js-yaml/-/js-yaml-3.9.0.tgz",
        "lodash-compat": "3.10.2",
        "q": "1.5.0",
        "superagent": "2.3.0"
      }
    },
    "topo": {
      "version": "1.1.0",
      "resolved": "https://dialearn.pkgs.visualstudio.com/_packaging/BLIS-SDK/npm/registry/topo/-/topo-1.1.0.tgz",
      "integrity": "sha1-6ddRYV0buH3IZdsYL6HKCl71NtU=",
      "requires": {
        "hoek": "https://registry.npmjs.org/hoek/-/hoek-2.16.3.tgz"
      }
    },
    "tough-cookie": {
      "version": "https://registry.npmjs.org/tough-cookie/-/tough-cookie-2.3.2.tgz",
      "integrity": "sha1-8IH3bkyFcg5sN6X6ztc3FQ2EByo=",
      "requires": {
        "punycode": "https://registry.npmjs.org/punycode/-/punycode-1.4.1.tgz"
      }
    },
    "tslib": {
      "version": "1.7.1",
      "resolved": "https://dialearn.pkgs.visualstudio.com/_packaging/BLIS-SDK/npm/registry/tslib/-/tslib-1.7.1.tgz",
      "integrity": "sha1-vIAEFkaRkjp5/oN4u+s9ogF1OOw="
    },
    "tunnel-agent": {
      "version": "https://registry.npmjs.org/tunnel-agent/-/tunnel-agent-0.6.0.tgz",
      "integrity": "sha1-J6XeoGs2sEoKmWZ3SykIaPD8QP0=",
      "requires": {
        "safe-buffer": "https://registry.npmjs.org/safe-buffer/-/safe-buffer-5.1.1.tgz"
      }
    },
    "tweetnacl": {
      "version": "https://registry.npmjs.org/tweetnacl/-/tweetnacl-0.14.5.tgz",
      "integrity": "sha1-WuaBd/GS1EViadEIr6k/+HQ/T2Q=",
      "optional": true
    },
    "url-join": {
      "version": "1.1.0",
      "resolved": "https://dialearn.pkgs.visualstudio.com/_packaging/BLIS-SDK/npm/registry/url-join/-/url-join-1.1.0.tgz",
      "integrity": "sha1-dBxsL0WWxIMNZxhGCSDQySIC3Hg="
    },
    "util-deprecate": {
      "version": "https://registry.npmjs.org/util-deprecate/-/util-deprecate-1.0.2.tgz",
      "integrity": "sha1-RQ1Nyfpw3nMnYvvS1KKJgUGaDM8="
    },
    "uuid": {
      "version": "https://registry.npmjs.org/uuid/-/uuid-3.1.0.tgz",
      "integrity": "sha1-PdPT55Crwk17DToDT/q6vijrvAQ="
    },
    "vasync": {
      "version": "https://registry.npmjs.org/vasync/-/vasync-1.6.3.tgz",
      "integrity": "sha1-SmnXBSpH9M6FUD12Qd8cv0BDKpQ=",
      "requires": {
        "verror": "https://registry.npmjs.org/verror/-/verror-1.6.0.tgz"
      },
      "dependencies": {
        "extsprintf": {
          "version": "https://registry.npmjs.org/extsprintf/-/extsprintf-1.2.0.tgz",
          "integrity": "sha1-WtlGwi9bMrp/jNdCZxHG6KP8JSk="
        },
        "verror": {
          "version": "https://registry.npmjs.org/verror/-/verror-1.6.0.tgz",
          "integrity": "sha1-fROyex+swuLakEBetepuW90lLqU=",
          "requires": {
            "extsprintf": "https://registry.npmjs.org/extsprintf/-/extsprintf-1.2.0.tgz"
          }
        }
      }
    },
    "verror": {
      "version": "https://registry.npmjs.org/verror/-/verror-1.3.6.tgz",
      "integrity": "sha1-z/XfEpRtKX0rqu+qJoniW+AcAFw=",
      "requires": {
        "extsprintf": "https://registry.npmjs.org/extsprintf/-/extsprintf-1.0.2.tgz"
      }
    },
    "wbuf": {
      "version": "https://registry.npmjs.org/wbuf/-/wbuf-1.7.2.tgz",
      "integrity": "sha1-1pe5nx9ZUS3ydRvkJ2nBWAtYAf4=",
      "requires": {
        "minimalistic-assert": "https://registry.npmjs.org/minimalistic-assert/-/minimalistic-assert-1.0.0.tgz"
      }
    },
    "wrappy": {
      "version": "https://registry.npmjs.org/wrappy/-/wrappy-1.0.2.tgz",
      "integrity": "sha1-tSQ9jz7BqjXxNkYFvA0QNuMKtp8="
    },
    "xmldom": {
      "version": "0.1.27",
      "resolved": "https://dialearn.pkgs.visualstudio.com/_packaging/BLIS-SDK/npm/registry/xmldom/-/xmldom-0.1.27.tgz",
      "integrity": "sha1-1QH5ezvbQDr4757MIFcxh6rawOk="
    },
    "xtend": {
      "version": "4.0.1",
      "resolved": "https://dialearn.pkgs.visualstudio.com/_packaging/BLIS-SDK/npm/registry/xtend/-/xtend-4.0.1.tgz",
      "integrity": "sha1-pcbVMr5lbiPbgg77lDofBJmNY68="
    },
    "yallist": {
      "version": "https://registry.npmjs.org/yallist/-/yallist-2.1.2.tgz",
      "integrity": "sha1-HBH5IY8HYImkfdUS+TxmmaaoHVI="
    }
  }
}
